
Microsoft Visual Studio Solution File, Format Version 12.00
# Visual Studio Version 16
VisualStudioVersion = 16.0.31911.196
MinimumVisualStudioVersion = 10.0.40219.1
Project("{FAE04EC0-301F-11D3-BF4B-00C04F79EFBC}") = "Kohn11014674.Android", "Kohn11014674\Kohn11014674.Android\Kohn11014674.Android.csproj", "{4B357B32-9F46-4D46-BD46-9EB82CA6AD43}"
EndProject
Project("{FAE04EC0-301F-11D3-BF4B-00C04F79EFBC}") = "Kohn11014674.iOS", "Kohn11014674\Kohn11014674.iOS\Kohn11014674.iOS.csproj", "{862FE60E-3E98-449E-B3FB-5A5D5959E985}"
EndProject
Project("{FAE04EC0-301F-11D3-BF4B-00C04F79EFBC}") = "Kohn11014674", "Kohn11014674\Kohn11014674\Kohn11014674.csproj", "{B0D3BF0F-3DEE-4300-9135-C47E4E344691}"
EndProject
Global
	GlobalSection(SolutionConfigurationPlatforms) = preSolution
		Debug|Any CPU = Debug|Any CPU
		Debug|iPhone = Debug|iPhone
		Debug|iPhoneSimulator = Debug|iPhoneSimulator
		Release|Any CPU = Release|Any CPU
		Release|iPhone = Release|iPhone
		Release|iPhoneSimulator = Release|iPhoneSimulator
	EndGlobalSection
	GlobalSection(ProjectConfigurationPlatforms) = postSolution
		{4B357B32-9F46-4D46-BD46-9EB82CA6AD43}.Debug|Any CPU.ActiveCfg = Debug|Any CPU
		{4B357B32-9F46-4D46-BD46-9EB82CA6AD43}.Debug|Any CPU.Build.0 = Debug|Any CPU
		{4B357B32-9F46-4D46-BD46-9EB82CA6AD43}.Debug|Any CPU.Deploy.0 = Debug|Any CPU
		{4B357B32-9F46-4D46-BD46-9EB82CA6AD43}.Debug|iPhone.ActiveCfg = Debug|Any CPU
		{4B357B32-9F46-4D46-BD46-9EB82CA6AD43}.Debug|iPhone.Build.0 = Debug|Any CPU
		{4B357B32-9F46-4D46-BD46-9EB82CA6AD43}.Debug|iPhone.Deploy.0 = Debug|Any CPU
		{4B357B32-9F46-4D46-BD46-9EB82CA6AD43}.Debug|iPhoneSimulator.ActiveCfg = Debug|Any CPU
		{4B357B32-9F46-4D46-BD46-9EB82CA6AD43}.Debug|iPhoneSimulator.Build.0 = Debug|Any CPU
		{4B357B32-9F46-4D46-BD46-9EB82CA6AD43}.Debug|iPhoneSimulator.Deploy.0 = Debug|Any CPU
		{4B357B32-9F46-4D46-BD46-9EB82CA6AD43}.Release|Any CPU.ActiveCfg = Release|Any CPU
		{4B357B32-9F46-4D46-BD46-9EB82CA6AD43}.Release|Any CPU.Build.0 = Release|Any CPU
		{4B357B32-9F46-4D46-BD46-9EB82CA6AD43}.Release|Any CPU.Deploy.0 = Release|Any CPU
		{4B357B32-9F46-4D46-BD46-9EB82CA6AD43}.Release|iPhone.ActiveCfg = Release|Any CPU
		{4B357B32-9F46-4D46-BD46-9EB82CA6AD43}.Release|iPhone.Build.0 = Release|Any CPU
		{4B357B32-9F46-4D46-BD46-9EB82CA6AD43}.Release|iPhone.Deploy.0 = Release|Any CPU
		{4B357B32-9F46-4D46-BD46-9EB82CA6AD43}.Release|iPhoneSimulator.ActiveCfg = Release|Any CPU
		{4B357B32-9F46-4D46-BD46-9EB82CA6AD43}.Release|iPhoneSimulator.Build.0 = Release|Any CPU
		{4B357B32-9F46-4D46-BD46-9EB82CA6AD43}.Release|iPhoneSimulator.Deploy.0 = Release|Any CPU
		{862FE60E-3E98-449E-B3FB-5A5D5959E985}.Debug|Any CPU.ActiveCfg = Debug|iPhone
		{862FE60E-3E98-449E-B3FB-5A5D5959E985}.Debug|Any CPU.Build.0 = Debug|iPhone
		{862FE60E-3E98-449E-B3FB-5A5D5959E985}.Debug|Any CPU.Deploy.0 = Debug|iPhone
		{862FE60E-3E98-449E-B3FB-5A5D5959E985}.Debug|iPhone.ActiveCfg = Debug|iPhone
		{862FE60E-3E98-449E-B3FB-5A5D5959E985}.Debug|iPhone.Build.0 = Debug|iPhone
		{862FE60E-3E98-449E-B3FB-5A5D5959E985}.Debug|iPhone.Deploy.0 = Debug|iPhone
		{862FE60E-3E98-449E-B3FB-5A5D5959E985}.Debug|iPhoneSimulator.ActiveCfg = Debug|iPhoneSimulator
		{862FE60E-3E98-449E-B3FB-5A5D5959E985}.Debug|iPhoneSimulator.Build.0 = Debug|iPhoneSimulator
		{862FE60E-3E98-449E-B3FB-5A5D5959E985}.Debug|iPhoneSimulator.Deploy.0 = Debug|iPhoneSimulator
		{862FE60E-3E98-449E-B3FB-5A5D5959E985}.Release|Any CPU.ActiveCfg = Release|iPhoneSimulator
		{862FE60E-3E98-449E-B3FB-5A5D5959E985}.Release|Any CPU.Build.0 = Release|iPhoneSimulator
		{862FE60E-3E98-449E-B3FB-5A5D5959E985}.Release|Any CPU.Deploy.0 = Release|iPhoneSimulator
		{862FE60E-3E98-449E-B3FB-5A5D5959E985}.Release|iPhone.ActiveCfg = Release|iPhone
		{862FE60E-3E98-449E-B3FB-5A5D5959E985}.Release|iPhone.Build.0 = Release|iPhone
		{862FE60E-3E98-449E-B3FB-5A5D5959E985}.Release|iPhone.Deploy.0 = Release|iPhone
		{862FE60E-3E98-449E-B3FB-5A5D5959E985}.Release|iPhoneSimulator.ActiveCfg = Release|iPhoneSimulator
		{862FE60E-3E98-449E-B3FB-5A5D5959E985}.Release|iPhoneSimulator.Build.0 = Release|iPhoneSimulator
		{862FE60E-3E98-449E-B3FB-5A5D5959E985}.Release|iPhoneSimulator.Deploy.0 = Release|iPhoneSimulator
		{B0D3BF0F-3DEE-4300-9135-C47E4E344691}.Debug|Any CPU.ActiveCfg = Debug|Any CPU
		{B0D3BF0F-3DEE-4300-9135-C47E4E344691}.Debug|Any CPU.Build.0 = Debug|Any CPU
		{B0D3BF0F-3DEE-4300-9135-C47E4E344691}.Debug|Any CPU.Deploy.0 = Debug|Any CPU
		{B0D3BF0F-3DEE-4300-9135-C47E4E344691}.Debug|iPhone.ActiveCfg = Debug|Any CPU
		{B0D3BF0F-3DEE-4300-9135-C47E4E344691}.Debug|iPhone.Build.0 = Debug|Any CPU
		{B0D3BF0F-3DEE-4300-9135-C47E4E344691}.Debug|iPhone.Deploy.0 = Debug|Any CPU
		{B0D3BF0F-3DEE-4300-9135-C47E4E344691}.Debug|iPhoneSimulator.ActiveCfg = Debug|Any CPU
		{B0D3BF0F-3DEE-4300-9135-C47E4E344691}.Debug|iPhoneSimulator.Build.0 = Debug|Any CPU
		{B0D3BF0F-3DEE-4300-9135-C47E4E344691}.Debug|iPhoneSimulator.Deploy.0 = Debug|Any CPU
		{B0D3BF0F-3DEE-4300-9135-C47E4E344691}.Release|Any CPU.ActiveCfg = Release|Any CPU
		{B0D3BF0F-3DEE-4300-9135-C47E4E344691}.Release|Any CPU.Build.0 = Release|Any CPU
		{B0D3BF0F-3DEE-4300-9135-C47E4E344691}.Release|Any CPU.Deploy.0 = Release|Any CPU
		{B0D3BF0F-3DEE-4300-9135-C47E4E344691}.Release|iPhone.ActiveCfg = Release|Any CPU
		{B0D3BF0F-3DEE-4300-9135-C47E4E344691}.Release|iPhone.Build.0 = Release|Any CPU
		{B0D3BF0F-3DEE-4300-9135-C47E4E344691}.Release|iPhone.Deploy.0 = Release|Any CPU
		{B0D3BF0F-3DEE-4300-9135-C47E4E344691}.Release|iPhoneSimulator.ActiveCfg = Release|Any CPU
		{B0D3BF0F-3DEE-4300-9135-C47E4E344691}.Release|iPhoneSimulator.Build.0 = Release|Any CPU
		{B0D3BF0F-3DEE-4300-9135-C47E4E344691}.Release|iPhoneSimulator.Deploy.0 = Release|Any CPU
	EndGlobalSection
	GlobalSection(SolutionProperties) = preSolution
		HideSolutionNode = FALSE
	EndGlobalSection
	GlobalSection(ExtensibilityGlobals) = postSolution
		SolutionGuid = {3C2BDED9-7827-4DE6-8F82-AA56413D3707}
	EndGlobalSection
EndGlobal
